
Microsoft Visual Studio Solution File, Format Version 12.00
# Visual Studio Version 16
VisualStudioVersion = 16.0.810.14
MinimumVisualStudioVersion = 10.0.40219.1
Project("{FAE04EC0-301F-11D3-BF4B-00C04F79EFBC}") = "TokyoSkies", "TokyoSkies\TokyoSkies.csproj", "{496A7416-F600-4CC6-B4C7-AEA817D5D5B3}"
EndProject
Global
	GlobalSection(SolutionConfigurationPlatforms) = preSolution
		Debug|Any CPU = Debug|Any CPU
		Release|Any CPU = Release|Any CPU
	EndGlobalSection
	GlobalSection(ProjectConfigurationPlatforms) = postSolution
		{496A7416-F600-4CC6-B4C7-AEA817D5D5B3}.Debug|Any CPU.ActiveCfg = Debug|Any CPU
		{496A7416-F600-4CC6-B4C7-AEA817D5D5B3}.Debug|Any CPU.Build.0 = Debug|Any CPU
		{496A7416-F600-4CC6-B4C7-AEA817D5D5B3}.Release|Any CPU.ActiveCfg = Release|Any CPU
		{496A7416-F600-4CC6-B4C7-AEA817D5D5B3}.Release|Any CPU.Build.0 = Release|Any CPU
	EndGlobalSection
	GlobalSection(SolutionProperties) = preSolution
		HideSolutionNode = FALSE
	EndGlobalSection
	GlobalSection(ExtensibilityGlobals) = postSolution
		SolutionGuid = {8B2F94BC-33E4-439E-8D4C-F353AE30A6A5}
	EndGlobalSection
EndGlobal
